{
  "name": "JingangWebServer",
  "version": "1.0.0",
  "lockfileVersion": 1,
  "requires": true,
  "dependencies": {
    "date-and-time": {
      "version": "0.6.2",
      "resolved": "https://registry.npmjs.org/date-and-time/-/date-and-time-0.6.2.tgz",
      "integrity": "sha512-hwObpAj7BtK8ElQCvOV7V3yEfcD+15QNjV44IeGqkmYyOCoU7/eIgOHvPlwBhlOKGbzosEn/DCrwUr1/NnLoiA=="
    },
    "iconv-lite": {
      "version": "0.4.19",
      "resolved": "https://registry.npmjs.org/iconv-lite/-/iconv-lite-0.4.19.tgz",
      "integrity": "sha512-oTZqweIP51xaGPI4uPa56/Pri/480R+mo7SeU+YETByQNhDG55ycFyNLIgta9vXhILrxXDmF7ZGhqZIcuN0gJQ=="
    },
    "minimist": {
      "version": "0.0.8",
      "resolved": "https://registry.npmjs.org/minimist/-/minimist-0.0.8.tgz",
      "integrity": "sha1-hX/Kv8M5fSYluCKCYuhqp6ARsF0="
    },
    "mkdirp": {
      "version": "0.5.1",
      "resolved": "https://registry.npmjs.org/mkdirp/-/mkdirp-0.5.1.tgz",
      "integrity": "sha1-MAV0OOrGz3+MR2fzhkjWaX11yQM=",
      "requires": {
        "minimist": "0.0.8"
      }
    },
    "nan": {
      "version": "2.3.5",
      "resolved": "https://registry.npmjs.org/nan/-/nan-2.3.5.tgz",
      "integrity": "sha1-gioNwmYpDOTNOhIoLKPn42Rmigg="
    },
    "nodejieba": {
      "version": "2.2.5",
      "resolved": "https://registry.npmjs.org/nodejieba/-/nodejieba-2.2.5.tgz",
      "integrity": "sha1-ghRBpoP60l69LI3eFAHdQ9vrAno=",
      "requires": {
        "nan": "2.3.5"
      }
    }
  }
}
